
Microsoft Visual Studio Solution File, Format Version 12.00
# Visual Studio Version 16
VisualStudioVersion = 16.0.30002.166
MinimumVisualStudioVersion = 10.0.40219.1
Project("{FAE04EC0-301F-11D3-BF4B-00C04F79EFBC}") = "BetterSSHChecker", "BetterSSHChecker\BetterSSHChecker.csproj", "{A70082F6-4BDC-4F2D-B783-93C89073C07A}"
EndProject
Global
	GlobalSection(SolutionConfigurationPlatforms) = preSolution
		Debug|Any CPU = Debug|Any CPU
		Release|Any CPU = Release|Any CPU
	EndGlobalSection
	GlobalSection(ProjectConfigurationPlatforms) = postSolution
		{A70082F6-4BDC-4F2D-B783-93C89073C07A}.Debug|Any CPU.ActiveCfg = Debug|Any CPU
		{A70082F6-4BDC-4F2D-B783-93C89073C07A}.Debug|Any CPU.Build.0 = Debug|Any CPU
		{A70082F6-4BDC-4F2D-B783-93C89073C07A}.Release|Any CPU.ActiveCfg = Release|Any CPU
		{A70082F6-4BDC-4F2D-B783-93C89073C07A}.Release|Any CPU.Build.0 = Release|Any CPU
	EndGlobalSection
	GlobalSection(SolutionProperties) = preSolution
		HideSolutionNode = FALSE
	EndGlobalSection
	GlobalSection(ExtensibilityGlobals) = postSolution
		SolutionGuid = {866B5474-3F10-4E6C-892F-A1F76B52FB65}
	EndGlobalSection
EndGlobal
